{
  "name": "openapi-scheme-parser",
  "version": "1.0.0",
  "lockfileVersion": 2,
  "requires": true,
  "packages": {
    "": {
      "name": "openapi-scheme-parser",
      "version": "1.0.0",
      "license": "MIT",
      "dependencies": {
        "@types/node": "^18.15.3",
        "openapi-types": "^12.1.0",
        "yargs-parser": "^21.1.1"
      },
      "bin": {
        "openapi-scheme-parser": "bin/index.js"
      }
    },
    "node_modules/@types/node": {
      "version": "18.15.3",
      "resolved": "https://registry.npmjs.org/@types/node/-/node-18.15.3.tgz",
      "integrity": "sha512-p6ua9zBxz5otCmbpb5D3U4B5Nanw6Pk3PPyX05xnxbB/fRv71N7CPmORg7uAD5P70T0xmx1pzAx/FUfa5X+3cw=="
    },
    "node_modules/openapi-types": {
      "version": "12.1.0",
      "resolved": "https://registry.npmjs.org/openapi-types/-/openapi-types-12.1.0.tgz",
      "integrity": "sha512-XpeCy01X6L5EpP+6Hc3jWN7rMZJ+/k1lwki/kTmWzbVhdPie3jd5O2ZtedEx8Yp58icJ0osVldLMrTB/zslQXA=="
    },
    "node_modules/yargs-parser": {
      "version": "21.1.1",
      "resolved": "https://registry.npmjs.org/yargs-parser/-/yargs-parser-21.1.1.tgz",
      "integrity": "sha512-tVpsJW7DdjecAiFpbIB1e3qxIQsE6NoPc5/eTdrbbIC4h0LVsWhnoa3g+m2HclBIujHzsxZ4VJVA+GUuc2/LBw==",
      "engines": {
        "node": ">=12"
      }
    }
  },
  "dependencies": {
    "@types/node": {
      "version": "18.15.3",
      "resolved": "https://registry.npmjs.org/@types/node/-/node-18.15.3.tgz",
      "integrity": "sha512-p6ua9zBxz5otCmbpb5D3U4B5Nanw6Pk3PPyX05xnxbB/fRv71N7CPmORg7uAD5P70T0xmx1pzAx/FUfa5X+3cw=="
    },
    "openapi-types": {
      "version": "12.1.0",
      "resolved": "https://registry.npmjs.org/openapi-types/-/openapi-types-12.1.0.tgz",
      "integrity": "sha512-XpeCy01X6L5EpP+6Hc3jWN7rMZJ+/k1lwki/kTmWzbVhdPie3jd5O2ZtedEx8Yp58icJ0osVldLMrTB/zslQXA=="
    },
    "yargs-parser": {
      "version": "21.1.1",
      "resolved": "https://registry.npmjs.org/yargs-parser/-/yargs-parser-21.1.1.tgz",
      "integrity": "sha512-tVpsJW7DdjecAiFpbIB1e3qxIQsE6NoPc5/eTdrbbIC4h0LVsWhnoa3g+m2HclBIujHzsxZ4VJVA+GUuc2/LBw=="
    }
  }
}
